
Microsoft Visual Studio Solution File, Format Version 12.00
# Visual Studio 15
VisualStudioVersion = 15.0.27703.2026
MinimumVisualStudioVersion = 10.0.40219.1
Project("{FAE04EC0-301F-11D3-BF4B-00C04F79EFBC}") = "MapQuery", "MapQuery\MapQuery.csproj", "{162ADDD1-2019-469A-B0C2-8F7AA9DFAF98}"
EndProject
Project("{FAE04EC0-301F-11D3-BF4B-00C04F79EFBC}") = "Service", "Service\Service.csproj", "{14BF475E-1F4F-44B5-9F5D-AE181C31676B}"
EndProject
Project("{FAE04EC0-301F-11D3-BF4B-00C04F79EFBC}") = "Common", "Common\Common.csproj", "{7C326675-1D54-4330-8E92-50EF1CD63CF4}"
EndProject
Project("{FAE04EC0-301F-11D3-BF4B-00C04F79EFBC}") = "Model", "Model\Model.csproj", "{19B63EC8-90CE-432A-A432-0EE881067F0C}"
EndProject
Project("{FAE04EC0-301F-11D3-BF4B-00C04F79EFBC}") = "Test", "Test\Test.csproj", "{2F0323E0-F470-4FE7-840D-8DBEC6FC9652}"
EndProject
Global
	GlobalSection(SolutionConfigurationPlatforms) = preSolution
		Debug|Any CPU = Debug|Any CPU
		Release|Any CPU = Release|Any CPU
	EndGlobalSection
	GlobalSection(ProjectConfigurationPlatforms) = postSolution
		{162ADDD1-2019-469A-B0C2-8F7AA9DFAF98}.Debug|Any CPU.ActiveCfg = Debug|Any CPU
		{162ADDD1-2019-469A-B0C2-8F7AA9DFAF98}.Debug|Any CPU.Build.0 = Debug|Any CPU
		{162ADDD1-2019-469A-B0C2-8F7AA9DFAF98}.Release|Any CPU.ActiveCfg = Release|Any CPU
		{162ADDD1-2019-469A-B0C2-8F7AA9DFAF98}.Release|Any CPU.Build.0 = Release|Any CPU
		{14BF475E-1F4F-44B5-9F5D-AE181C31676B}.Debug|Any CPU.ActiveCfg = Debug|Any CPU
		{14BF475E-1F4F-44B5-9F5D-AE181C31676B}.Debug|Any CPU.Build.0 = Debug|Any CPU
		{14BF475E-1F4F-44B5-9F5D-AE181C31676B}.Release|Any CPU.ActiveCfg = Release|Any CPU
		{14BF475E-1F4F-44B5-9F5D-AE181C31676B}.Release|Any CPU.Build.0 = Release|Any CPU
		{7C326675-1D54-4330-8E92-50EF1CD63CF4}.Debug|Any CPU.ActiveCfg = Debug|Any CPU
		{7C326675-1D54-4330-8E92-50EF1CD63CF4}.Debug|Any CPU.Build.0 = Debug|Any CPU
		{7C326675-1D54-4330-8E92-50EF1CD63CF4}.Release|Any CPU.ActiveCfg = Release|Any CPU
		{7C326675-1D54-4330-8E92-50EF1CD63CF4}.Release|Any CPU.Build.0 = Release|Any CPU
		{19B63EC8-90CE-432A-A432-0EE881067F0C}.Debug|Any CPU.ActiveCfg = Debug|Any CPU
		{19B63EC8-90CE-432A-A432-0EE881067F0C}.Debug|Any CPU.Build.0 = Debug|Any CPU
		{19B63EC8-90CE-432A-A432-0EE881067F0C}.Release|Any CPU.ActiveCfg = Release|Any CPU
		{19B63EC8-90CE-432A-A432-0EE881067F0C}.Release|Any CPU.Build.0 = Release|Any CPU
		{2F0323E0-F470-4FE7-840D-8DBEC6FC9652}.Debug|Any CPU.ActiveCfg = Debug|Any CPU
		{2F0323E0-F470-4FE7-840D-8DBEC6FC9652}.Debug|Any CPU.Build.0 = Debug|Any CPU
		{2F0323E0-F470-4FE7-840D-8DBEC6FC9652}.Release|Any CPU.ActiveCfg = Release|Any CPU
		{2F0323E0-F470-4FE7-840D-8DBEC6FC9652}.Release|Any CPU.Build.0 = Release|Any CPU
	EndGlobalSection
	GlobalSection(SolutionProperties) = preSolution
		HideSolutionNode = FALSE
	EndGlobalSection
	GlobalSection(ExtensibilityGlobals) = postSolution
		SolutionGuid = {B2DB50D2-50ED-4278-B6DB-1D179A6071BE}
	EndGlobalSection
EndGlobal
